// !$*UTF8*$!
{
	archiveVersion = 1;
	classes = {
	};
	objectVersion = 48;
	objects = {

/* Begin PBXBuildFile section */
		A3AE6C2C203AD2FF0066B29A /* AppDelegate.swift in Sources */ = {isa = PBXBuildFile; fileRef = A3AE6C2B203AD2FF0066B29A /* AppDelegate.swift */; };
		A3AE6C2E203AD2FF0066B29A /* ViewController.swift in Sources */ = {isa = PBXBuildFile; fileRef = A3AE6C2D203AD2FF0066B29A /* ViewController.swift */; };
		A3AE6C31203AD2FF0066B29A /* Main.storyboard in Resources */ = {isa = PBXBuildFile; fileRef = A3AE6C2F203AD2FF0066B29A /* Main.storyboard */; };
		A3AE6C33203AD2FF0066B29A /* Assets.xcassets in Resources */ = {isa = PBXBuildFile; fileRef = A3AE6C32203AD2FF0066B29A /* Assets.xcassets */; };
		A3AE6C36203AD2FF0066B29A /* LaunchScreen.storyboard in Resources */ = {isa = PBXBuildFile; fileRef = A3AE6C34203AD2FF0066B29A /* LaunchScreen.storyboard */; };
		A3C59A53203ADCAB00BFE10B /* DataServices.swift in Sources */ = {isa = PBXBuildFile; fileRef = A3C59A52203ADCAB00BFE10B /* DataServices.swift */; };
		A3C59A57203AE14600BFE10B /* category.swift in Sources */ = {isa = PBXBuildFile; fileRef = A3C59A56203AE14600BFE10B /* category.swift */; };
		A3C59A5B203AE17E00BFE10B /* table.swift in Sources */ = {isa = PBXBuildFile; fileRef = A3C59A5A203AE17E00BFE10B /* table.swift */; };
		A3C59A5E203AE5C100BFE10B /* categoryCellCollectionViewCell.swift in Sources */ = {isa = PBXBuildFile; fileRef = A3C59A5D203AE5C100BFE10B /* categoryCellCollectionViewCell.swift */; };
		A3C59A60203AE5E900BFE10B /* tableCellTableViewCell.swift in Sources */ = {isa = PBXBuildFile; fileRef = A3C59A5F203AE5E900BFE10B /* tableCellTableViewCell.swift */; };
		A3C59A63203AE74A00BFE10B /* TableViewController.swift in Sources */ = {isa = PBXBuildFile; fileRef = A3C59A62203AE74A00BFE10B /* TableViewController.swift */; };
		FDB5D615C3667913DC3B9078 /* Pods_Otonomis_test.framework in Frameworks */ = {isa = PBXBuildFile; fileRef = 521B07AF4BAD7E1EC8559633 /* Pods_Otonomis_test.framework */; };
/* End PBXBuildFile section */

/* Begin PBXFileReference section */
		521B07AF4BAD7E1EC8559633 /* Pods_Otonomis_test.framework */ = {isa = PBXFileReference; explicitFileType = wrapper.framework; includeInIndex = 0; path = Pods_Otonomis_test.framework; sourceTree = BUILT_PRODUCTS_DIR; };
		59B622A19C1470ACD92D48AD /* Pods-Otonomis_test.release.xcconfig */ = {isa = PBXFileReference; includeInIndex = 1; lastKnownFileType = text.xcconfig; name = "Pods-Otonomis_test.release.xcconfig"; path = "Pods/Target Support Files/Pods-Otonomis_test/Pods-Otonomis_test.release.xcconfig"; sourceTree = "<group>"; };
		A3AE6C28203AD2FF0066B29A /* Otonomis_test.app */ = {isa = PBXFileReference; explicitFileType = wrapper.application; includeInIndex = 0; path = Otonomis_test.app; sourceTree = BUILT_PRODUCTS_DIR; };
		A3AE6C2B203AD2FF0066B29A /* AppDelegate.swift */ = {isa = PBXFileReference; lastKnownFileType = sourcecode.swift; path = AppDelegate.swift; sourceTree = "<group>"; };
		A3AE6C2D203AD2FF0066B29A /* ViewController.swift */ = {isa = PBXFileReference; lastKnownFileType = sourcecode.swift; path = ViewController.swift; sourceTree = "<group>"; };
		A3AE6C30203AD2FF0066B29A /* Base */ = {isa = PBXFileReference; lastKnownFileType = file.storyboard; name = Base; path = Base.lproj/Main.storyboard; sourceTree = "<group>"; };
		A3AE6C32203AD2FF0066B29A /* Assets.xcassets */ = {isa = PBXFileReference; lastKnownFileType = folder.assetcatalog; path = Assets.xcassets; sourceTree = "<group>"; };
		A3AE6C35203AD2FF0066B29A /* Base */ = {isa = PBXFileReference; lastKnownFileType = file.storyboard; name = Base; path = Base.lproj/LaunchScreen.storyboard; sourceTree = "<group>"; };
		A3AE6C37203AD2FF0066B29A /* Info.plist */ = {isa = PBXFileReference; lastKnownFileType = text.plist.xml; path = Info.plist; sourceTree = "<group>"; };
		A3C59A52203ADCAB00BFE10B /* DataServices.swift */ = {isa = PBXFileReference; lastKnownFileType = sourcecode.swift; path = DataServices.swift; sourceTree = "<group>"; };
		A3C59A56203AE14600BFE10B /* category.swift */ = {isa = PBXFileReference; lastKnownFileType = sourcecode.swift; path = category.swift; sourceTree = "<group>"; };
		A3C59A5A203AE17E00BFE10B /* table.swift */ = {isa = PBXFileReference; lastKnownFileType = sourcecode.swift; path = table.swift; sourceTree = "<group>"; };
		A3C59A5D203AE5C100BFE10B /* categoryCellCollectionViewCell.swift */ = {isa = PBXFileReference; lastKnownFileType = sourcecode.swift; path = categoryCellCollectionViewCell.swift; sourceTree = "<group>"; };
		A3C59A5F203AE5E900BFE10B /* tableCellTableViewCell.swift */ = {isa = PBXFileReference; lastKnownFileType = sourcecode.swift; path = tableCellTableViewCell.swift; sourceTree = "<group>"; };
		A3C59A62203AE74A00BFE10B /* TableViewController.swift */ = {isa = PBXFileReference; lastKnownFileType = sourcecode.swift; path = TableViewController.swift; sourceTree = "<group>"; };
		DB2A1A2773460F0DB372257F /* Pods-Otonomis_test.debug.xcconfig */ = {isa = PBXFileReference; includeInIndex = 1; lastKnownFileType = text.xcconfig; name = "Pods-Otonomis_test.debug.xcconfig"; path = "Pods/Target Support Files/Pods-Otonomis_test/Pods-Otonomis_test.debug.xcconfig"; sourceTree = "<group>"; };
/* End PBXFileReference section */

/* Begin PBXFrameworksBuildPhase section */
		A3AE6C25203AD2FF0066B29A /* Frameworks */ = {
			isa = PBXFrameworksBuildPhase;
			buildActionMask = 2147483647;
			files = (
				FDB5D615C3667913DC3B9078 /* Pods_Otonomis_test.framework in Frameworks */,
			);
			runOnlyForDeploymentPostprocessing = 0;
		};
/* End PBXFrameworksBuildPhase section */

/* Begin PBXGroup section */
		177378321A1D9231824ECA09 /* Pods */ = {
			isa = PBXGroup;
			children = (
				DB2A1A2773460F0DB372257F /* Pods-Otonomis_test.debug.xcconfig */,
				59B622A19C1470ACD92D48AD /* Pods-Otonomis_test.release.xcconfig */,
			);
			name = Pods;
			sourceTree = "<group>";
		};
		A3AE6C1F203AD2FF0066B29A = {
			isa = PBXGroup;
			children = (
				A3AE6C2A203AD2FF0066B29A /* Otonomis_test */,
				A3AE6C29203AD2FF0066B29A /* Products */,
				177378321A1D9231824ECA09 /* Pods */,
				C53450D096FEAE00AB774592 /* Frameworks */,
			);
			sourceTree = "<group>";
		};
		A3AE6C29203AD2FF0066B29A /* Products */ = {
			isa = PBXGroup;
			children = (
				A3AE6C28203AD2FF0066B29A /* Otonomis_test.app */,
			);
			name = Products;
			sourceTree = "<group>";
		};
		A3AE6C2A203AD2FF0066B29A /* Otonomis_test */ = {
			isa = PBXGroup;
			children = (
				A3C59A61203AE71900BFE10B /* Controllers */,
				A3C59A5C203AE59600BFE10B /* Views */,
				A3C59A54203AE12900BFE10B /* Models */,
				A3C59A51203ADC7A00BFE10B /* Services */,
				A3AE6C2B203AD2FF0066B29A /* AppDelegate.swift */,
				A3AE6C2F203AD2FF0066B29A /* Main.storyboard */,
				A3AE6C32203AD2FF0066B29A /* Assets.xcassets */,
				A3AE6C34203AD2FF0066B29A /* LaunchScreen.storyboard */,
				A3AE6C37203AD2FF0066B29A /* Info.plist */,
			);
			path = Otonomis_test;
			sourceTree = "<group>";
		};
		A3C59A51203ADC7A00BFE10B /* Services */ = {
			isa = PBXGroup;
			children = (
				A3C59A52203ADCAB00BFE10B /* DataServices.swift */,
			);
			path = Services;
			sourceTree = "<group>";
		};
		A3C59A54203AE12900BFE10B /* Models */ = {
			isa = PBXGroup;
			children = (
				A3C59A56203AE14600BFE10B /* category.swift */,
				A3C59A5A203AE17E00BFE10B /* table.swift */,
			);
			path = Models;
			sourceTree = "<group>";
		};
		A3C59A5C203AE59600BFE10B /* Views */ = {
			isa = PBXGroup;
			children = (
				A3C59A5D203AE5C100BFE10B /* categoryCellCollectionViewCell.swift */,
				A3C59A5F203AE5E900BFE10B /* tableCellTableViewCell.swift */,
			);
			path = Views;
			sourceTree = "<group>";
		};
		A3C59A61203AE71900BFE10B /* Controllers */ = {
			isa = PBXGroup;
			children = (
				A3AE6C2D203AD2FF0066B29A /* ViewController.swift */,
				A3C59A62203AE74A00BFE10B /* TableViewController.swift */,
			);
			path = Controllers;
			sourceTree = "<group>";
		};
		C53450D096FEAE00AB774592 /* Frameworks */ = {
			isa = PBXGroup;
			children = (
				521B07AF4BAD7E1EC8559633 /* Pods_Otonomis_test.framework */,
			);
			name = Frameworks;
			sourceTree = "<group>";
		};
/* End PBXGroup section */

/* Begin PBXNativeTarget section */
		A3AE6C27203AD2FF0066B29A /* Otonomis_test */ = {
			isa = PBXNativeTarget;
			buildConfigurationList = A3AE6C3A203AD2FF0066B29A /* Build configuration list for PBXNativeTarget "Otonomis_test" */;
			buildPhases = (
				14EDEA881B27DABC66DD92D5 /* [CP] Check Pods Manifest.lock */,
				A3AE6C24203AD2FF0066B29A /* Sources */,
				A3AE6C25203AD2FF0066B29A /* Frameworks */,
				A3AE6C26203AD2FF0066B29A /* Resources */,
				33D425D9C8061DF1880EA56C /* [CP] Embed Pods Frameworks */,
				0C5FAF229CEA54103655A1C0 /* [CP] Copy Pods Resources */,
			);
			buildRules = (
			);
			dependencies = (
			);
			name = Otonomis_test;
			productName = Otonomis_test;
			productReference = A3AE6C28203AD2FF0066B29A /* Otonomis_test.app */;
			productType = "com.apple.product-type.application";
		};
/* End PBXNativeTarget section */

/* Begin PBXProject section */
		A3AE6C20203AD2FF0066B29A /* Project object */ = {
			isa = PBXProject;
			attributes = {
				LastSwiftUpdateCheck = 0920;
				LastUpgradeCheck = 0920;
				ORGANIZATIONNAME = "Gtech Developeres";
				TargetAttributes = {
					A3AE6C27203AD2FF0066B29A = {
						CreatedOnToolsVersion = 9.2;
						ProvisioningStyle = Automatic;
					};
				};
			};
			buildConfigurationList = A3AE6C23203AD2FF0066B29A /* Build configuration list for PBXProject "Otonomis_test" */;
			compatibilityVersion = "Xcode 8.0";
			developmentRegion = en;
			hasScannedForEncodings = 0;
			knownRegions = (
				en,
				Base,
			);
			mainGroup = A3AE6C1F203AD2FF0066B29A;
			productRefGroup = A3AE6C29203AD2FF0066B29A /* Products */;
			projectDirPath = "";
			projectRoot = "";
			targets = (
				A3AE6C27203AD2FF0066B29A /* Otonomis_test */,
			);
		};
/* End PBXProject section */

/* Begin PBXResourcesBuildPhase section */
		A3AE6C26203AD2FF0066B29A /* Resources */ = {
			isa = PBXResourcesBuildPhase;
			buildActionMask = 2147483647;
			files = (
				A3AE6C36203AD2FF0066B29A /* LaunchScreen.storyboard in Resources */,
				A3AE6C33203AD2FF0066B29A /* Assets.xcassets in Resources */,
				A3AE6C31203AD2FF0066B29A /* Main.storyboard in Resources */,
			);
			runOnlyForDeploymentPostprocessing = 0;
		};
/* End PBXResourcesBuildPhase section */

/* Begin PBXShellScriptBuildPhase section */
		0C5FAF229CEA54103655A1C0 /* [CP] Copy Pods Resources */ = {
			isa = PBXShellScriptBuildPhase;
			buildActionMask = 2147483647;
			files = (
			);
			inputPaths = (
			);
			name = "[CP] Copy Pods Resources";
			outputPaths = (
			);
			runOnlyForDeploymentPostprocessing = 0;
			shellPath = /bin/sh;
			shellScript = "\"${SRCROOT}/Pods/Target Support Files/Pods-Otonomis_test/Pods-Otonomis_test-resources.sh\"\n";
			showEnvVarsInLog = 0;
		};
		14EDEA881B27DABC66DD92D5 /* [CP] Check Pods Manifest.lock */ = {
			isa = PBXShellScriptBuildPhase;
			buildActionMask = 2147483647;
			files = (
			);
			inputPaths = (
			);
			name = "[CP] Check Pods Manifest.lock";
			outputPaths = (
			);
			runOnlyForDeploymentPostprocessing = 0;
			shellPath = /bin/sh;
			shellScript = "diff \"${PODS_ROOT}/../Podfile.lock\" \"${PODS_ROOT}/Manifest.lock\" > /dev/null\nif [ $? != 0 ] ; then\n    # print error to STDERR\n    echo \"error: The sandbox is not in sync with the Podfile.lock. Run 'pod install' or update your CocoaPods installation.\" >&2\n    exit 1\nfi\n";
			showEnvVarsInLog = 0;
		};
		33D425D9C8061DF1880EA56C /* [CP] Embed Pods Frameworks */ = {
			isa = PBXShellScriptBuildPhase;
			buildActionMask = 2147483647;
			files = (
			);
			inputPaths = (
			);
			name = "[CP] Embed Pods Frameworks";
			outputPaths = (
			);
			runOnlyForDeploymentPostprocessing = 0;
			shellPath = /bin/sh;
			shellScript = "\"${SRCROOT}/Pods/Target Support Files/Pods-Otonomis_test/Pods-Otonomis_test-frameworks.sh\"\n";
			showEnvVarsInLog = 0;
		};
/* End PBXShellScriptBuildPhase section */

/* Begin PBXSourcesBuildPhase section */
		A3AE6C24203AD2FF0066B29A /* Sources */ = {
			isa = PBXSourcesBuildPhase;
			buildActionMask = 2147483647;
			files = (
				A3C59A5B203AE17E00BFE10B /* table.swift in Sources */,
				A3C59A53203ADCAB00BFE10B /* DataServices.swift in Sources */,
				A3AE6C2E203AD2FF0066B29A /* ViewController.swift in Sources */,
				A3C59A63203AE74A00BFE10B /* TableViewController.swift in Sources */,
				A3AE6C2C203AD2FF0066B29A /* AppDelegate.swift in Sources */,
				A3C59A5E203AE5C100BFE10B /* categoryCellCollectionViewCell.swift in Sources */,
				A3C59A57203AE14600BFE10B /* category.swift in Sources */,
				A3C59A60203AE5E900BFE10B /* tableCellTableViewCell.swift in Sources */,
			);
			runOnlyForDeploymentPostprocessing = 0;
		};
/* End PBXSourcesBuildPhase section */

/* Begin PBXVariantGroup section */
		A3AE6C2F203AD2FF0066B29A /* Main.storyboard */ = {
			isa = PBXVariantGroup;
			children = (
				A3AE6C30203AD2FF0066B29A /* Base */,
			);
			name = Main.storyboard;
			sourceTree = "<group>";
		};
		A3AE6C34203AD2FF0066B29A /* LaunchScreen.storyboard */ = {
			isa = PBXVariantGroup;
			children = (
				A3AE6C35203AD2FF0066B29A /* Base */,
			);
			name = LaunchScreen.storyboard;
			sourceTree = "<group>";
		};
/* End PBXVariantGroup section */

/* Begin XCBuildConfiguration section */
		A3AE6C38203AD2FF0066B29A /* Debug */ = {
			isa = XCBuildConfiguration;
			buildSettings = {
				ALWAYS_SEARCH_USER_PATHS = NO;
				CLANG_ANALYZER_NONNULL = YES;
				CLANG_ANALYZER_NUMBER_OBJECT_CONVERSION = YES_AGGRESSIVE;
				CLANG_CXX_LANGUAGE_STANDARD = "gnu++14";
				CLANG_CXX_LIBRARY = "libc++";
				CLANG_ENABLE_MODULES = YES;
				CLANG_ENABLE_OBJC_ARC = YES;
				CLANG_WARN_BLOCK_CAPTURE_AUTORELEASING = YES;
				CLANG_WARN_BOOL_CONVERSION = YES;
				CLANG_WARN_COMMA = YES;
				CLANG_WARN_CONSTANT_CONVERSION = YES;
				CLANG_WARN_DIRECT_OBJC_ISA_USAGE = YES_ERROR;
				CLANG_WARN_DOCUMENTATION_COMMENTS = YES;
				CLANG_WARN_EMPTY_BODY = YES;
				CLANG_WARN_ENUM_CONVERSION = YES;
				CLANG_WARN_INFINITE_RECURSION = YES;
				CLANG_WARN_INT_CONVERSION = YES;
				CLANG_WARN_NON_LITERAL_NULL_CONVERSION = YES;
				CLANG_WARN_OBJC_LITERAL_CONVERSION = YES;
				CLANG_WARN_OBJC_ROOT_CLASS = YES_ERROR;
				CLANG_WARN_RANGE_LOOP_ANALYSIS = YES;
				CLANG_WARN_STRICT_PROTOTYPES = YES;
				CLANG_WARN_SUSPICIOUS_MOVE = YES;
				CLANG_WARN_UNGUARDED_AVAILABILITY = YES_AGGRESSIVE;
				CLANG_WARN_UNREACHABLE_CODE = YES;
				CLANG_WARN__DUPLICATE_METHOD_MATCH = YES;
				CODE_SIGN_IDENTITY = "iPhone Developer";
				COPY_PHASE_STRIP = NO;
				DEBUG_INFORMATION_FORMAT = dwarf;
				ENABLE_STRICT_OBJC_MSGSEND = YES;
				ENABLE_TESTABILITY = YES;
				GCC_C_LANGUAGE_STANDARD = gnu11;
				GCC_DYNAMIC_NO_PIC = NO;
				GCC_NO_COMMON_BLOCKS = YES;
				GCC_OPTIMIZATION_LEVEL = 0;
				GCC_PREPROCESSOR_DEFINITIONS = (
					"DEBUG=1",
					"$(inherited)",
				);
				GCC_WARN_64_TO_32_BIT_CONVERSION = YES;
				GCC_WARN_ABOUT_RETURN_TYPE = YES_ERROR;
				GCC_WARN_UNDECLARED_SELECTOR = YES;
				GCC_WARN_UNINITIALIZED_AUTOS = YES_AGGRESSIVE;
				GCC_WARN_UNUSED_FUNCTION = YES;
				GCC_WARN_UNUSED_VARIABLE = YES;
				IPHONEOS_DEPLOYMENT_TARGET = 11.2;
				MTL_ENABLE_DEBUG_INFO = YES;
				ONLY_ACTIVE_ARCH = YES;
				SDKROOT = iphoneos;
				SWIFT_ACTIVE_COMPILATION_CONDITIONS = DEBUG;
				SWIFT_OPTIMIZATION_LEVEL = "-Onone";
			};
			name = Debug;
		};
		A3AE6C39203AD2FF0066B29A /* Release */ = {
			isa = XCBuildConfiguration;
			buildSettings = {
				ALWAYS_SEARCH_USER_PATHS = NO;
				CLANG_ANALYZER_NONNULL = YES;
				CLANG_ANALYZER_NUMBER_OBJECT_CONVERSION = YES_AGGRESSIVE;
				CLANG_CXX_LANGUAGE_STANDARD = "gnu++14";
				CLANG_CXX_LIBRARY = "libc++";
				CLANG_ENABLE_MODULES = YES;
				CLANG_ENABLE_OBJC_ARC = YES;
				CLANG_WARN_BLOCK_CAPTURE_AUTORELEASING = YES;
				CLANG_WARN_BOOL_CONVERSION = YES;
				CLANG_WARN_COMMA = YES;
				CLANG_WARN_CONSTANT_CONVERSION = YES;
				CLANG_WARN_DIRECT_OBJC_ISA_USAGE = YES_ERROR;
				CLANG_WARN_DOCUMENTATION_COMMENTS = YES;
				CLANG_WARN_EMPTY_BODY = YES;
				CLANG_WARN_ENUM_CONVERSION = YES;
				CLANG_WARN_INFINITE_RECURSION = YES;
				CLANG_WARN_INT_CONVERSION = YES;
				CLANG_WARN_NON_LITERAL_NULL_CONVERSION = YES;
				CLANG_WARN_OBJC_LITERAL_CONVERSION = YES;
				CLANG_WARN_OBJC_ROOT_CLASS = YES_ERROR;
				CLANG_WARN_RANGE_LOOP_ANALYSIS = YES;
				CLANG_WARN_STRICT_PROTOTYPES = YES;
				CLANG_WARN_SUSPICIOUS_MOVE = YES;
				CLANG_WARN_UNGUARDED_AVAILABILITY = YES_AGGRESSIVE;
				CLANG_WARN_UNREACHABLE_CODE = YES;
				CLANG_WARN__DUPLICATE_METHOD_MATCH = YES;
				CODE_SIGN_IDENTITY = "iPhone Developer";
				COPY_PHASE_STRIP = NO;
				DEBUG_INFORMATION_FORMAT = "dwarf-with-dsym";
				ENABLE_NS_ASSERTIONS = NO;
				ENABLE_STRICT_OBJC_MSGSEND = YES;
				GCC_C_LANGUAGE_STANDARD = gnu11;
				GCC_NO_COMMON_BLOCKS = YES;
				GCC_WARN_64_TO_32_BIT_CONVERSION = YES;
				GCC_WARN_ABOUT_RETURN_TYPE = YES_ERROR;
				GCC_WARN_UNDECLARED_SELECTOR = YES;
				GCC_WARN_UNINITIALIZED_AUTOS = YES_AGGRESSIVE;
				GCC_WARN_UNUSED_FUNCTION = YES;
				GCC_WARN_UNUSED_VARIABLE = YES;
				IPHONEOS_DEPLOYMENT_TARGET = 11.2;
				MTL_ENABLE_DEBUG_INFO = NO;
				SDKROOT = iphoneos;
				SWIFT_OPTIMIZATION_LEVEL = "-Owholemodule";
				VALIDATE_PRODUCT = YES;
			};
			name = Release;
		};
		A3AE6C3B203AD2FF0066B29A /* Debug */ = {
			isa = XCBuildConfiguration;
			baseConfigurationReference = DB2A1A2773460F0DB372257F /* Pods-Otonomis_test.debug.xcconfig */;
			buildSettings = {
				ASSETCATALOG_COMPILER_APPICON_NAME = AppIcon;
				CODE_SIGN_STYLE = Automatic;
				INFOPLIST_FILE = Otonomis_test/Info.plist;
				LD_RUNPATH_SEARCH_PATHS = "$(inherited) @executable_path/Frameworks";
				PRODUCT_BUNDLE_IDENTIFIER = "com.gtechdevelopers.Otonomis-test";
				PRODUCT_NAME = "$(TARGET_NAME)";
				SWIFT_VERSION = 4.0;
				TARGETED_DEVICE_FAMILY = "1,2";
			};
			name = Debug;
		};
		A3AE6C3C203AD2FF0066B29A /* Release */ = {
			isa = XCBuildConfiguration;
			baseConfigurationReference = 59B622A19C1470ACD92D48AD /* Pods-Otonomis_test.release.xcconfig */;
			buildSettings = {
				ASSETCATALOG_COMPILER_APPICON_NAME = AppIcon;
				CODE_SIGN_STYLE = Automatic;
				INFOPLIST_FILE = Otonomis_test/Info.plist;
				LD_RUNPATH_SEARCH_PATHS = "$(inherited) @executable_path/Frameworks";
				PRODUCT_BUNDLE_IDENTIFIER = "com.gtechdevelopers.Otonomis-test";
				PRODUCT_NAME = "$(TARGET_NAME)";
				SWIFT_VERSION = 4.0;
				TARGETED_DEVICE_FAMILY = "1,2";
			};
			name = Release;
		};
/* End XCBuildConfiguration section */

/* Begin XCConfigurationList section */
		A3AE6C23203AD2FF0066B29A /* Build configuration list for PBXProject "Otonomis_test" */ = {
			isa = XCConfigurationList;
			buildConfigurations = (
				A3AE6C38203AD2FF0066B29A /* Debug */,
				A3AE6C39203AD2FF0066B29A /* Release */,
			);
			defaultConfigurationIsVisible = 0;
			defaultConfigurationName = Release;
		};
		A3AE6C3A203AD2FF0066B29A /* Build configuration list for PBXNativeTarget "Otonomis_test" */ = {
			isa = XCConfigurationList;
			buildConfigurations = (
				A3AE6C3B203AD2FF0066B29A /* Debug */,
				A3AE6C3C203AD2FF0066B29A /* Release */,
			);
			defaultConfigurationIsVisible = 0;
			defaultConfigurationName = Release;
		};
/* End XCConfigurationList section */
	};
	rootObject = A3AE6C20203AD2FF0066B29A /* Project object */;
}
